
Microsoft Visual Studio Solution File, Format Version 12.00
# Visual Studio Version 16
VisualStudioVersion = 16.0.33927.289
MinimumVisualStudioVersion = 10.0.40219.1
Project("{FAE04EC0-301F-11D3-BF4B-00C04F79EFBC}") = "OpenClosedPrincipe", "OpenClosedPrincipe\OpenClosedPrincipe.csproj", "{0E872675-B99D-4EB0-AAE4-790A2AB7708B}"
EndProject
Global
	GlobalSection(SolutionConfigurationPlatforms) = preSolution
		Debug|Any CPU = Debug|Any CPU
		Release|Any CPU = Release|Any CPU
	EndGlobalSection
	GlobalSection(ProjectConfigurationPlatforms) = postSolution
		{0E872675-B99D-4EB0-AAE4-790A2AB7708B}.Debug|Any CPU.ActiveCfg = Debug|Any CPU
		{0E872675-B99D-4EB0-AAE4-790A2AB7708B}.Debug|Any CPU.Build.0 = Debug|Any CPU
		{0E872675-B99D-4EB0-AAE4-790A2AB7708B}.Release|Any CPU.ActiveCfg = Release|Any CPU
		{0E872675-B99D-4EB0-AAE4-790A2AB7708B}.Release|Any CPU.Build.0 = Release|Any CPU
	EndGlobalSection
	GlobalSection(SolutionProperties) = preSolution
		HideSolutionNode = FALSE
	EndGlobalSection
	GlobalSection(ExtensibilityGlobals) = postSolution
		SolutionGuid = {56F24A60-953C-4B07-ADD2-E10425E76645}
	EndGlobalSection
EndGlobal
